
Microsoft Visual Studio Solution File, Format Version 12.00
# Visual Studio 15
VisualStudioVersion = 15.0.27428.2043
MinimumVisualStudioVersion = 10.0.40219.1
Project("{FAE04EC0-301F-11D3-BF4B-00C04F79EFBC}") = "ConsoleApp1", "ConsoleApp1\ConsoleApp1.csproj", "{66C23EB7-129C-4768-9A41-68893AF229A2}"
EndProject
Global
	GlobalSection(SolutionConfigurationPlatforms) = preSolution
		Debug|Any CPU = Debug|Any CPU
		Release|Any CPU = Release|Any CPU
	EndGlobalSection
	GlobalSection(ProjectConfigurationPlatforms) = postSolution
		{66C23EB7-129C-4768-9A41-68893AF229A2}.Debug|Any CPU.ActiveCfg = Debug|Any CPU
		{66C23EB7-129C-4768-9A41-68893AF229A2}.Debug|Any CPU.Build.0 = Debug|Any CPU
		{66C23EB7-129C-4768-9A41-68893AF229A2}.Release|Any CPU.ActiveCfg = Release|Any CPU
		{66C23EB7-129C-4768-9A41-68893AF229A2}.Release|Any CPU.Build.0 = Release|Any CPU
	EndGlobalSection
	GlobalSection(SolutionProperties) = preSolution
		HideSolutionNode = FALSE
	EndGlobalSection
	GlobalSection(ExtensibilityGlobals) = postSolution
		SolutionGuid = {AB490C46-F628-4ABE-91AE-93B669D622AD}
	EndGlobalSection
EndGlobal
